
Microsoft Visual Studio Solution File, Format Version 12.00
# Visual Studio Version 17
VisualStudioVersion = 17.14.36811.4 d17.14
MinimumVisualStudioVersion = 10.0.40219.1
Project("{FAE04EC0-301F-11D3-BF4B-00C04F79EFBC}") = "UpdatedDateChecker", "UpdatedDateChecker\UpdatedDateChecker.csproj", "{1D152132-1A28-44EA-830F-5E53DEFB868A}"
EndProject
Global
	GlobalSection(SolutionConfigurationPlatforms) = preSolution
		Debug|Any CPU = Debug|Any CPU
		Release|Any CPU = Release|Any CPU
	EndGlobalSection
	GlobalSection(ProjectConfigurationPlatforms) = postSolution
		{1D152132-1A28-44EA-830F-5E53DEFB868A}.Debug|Any CPU.ActiveCfg = Debug|Any CPU
		{1D152132-1A28-44EA-830F-5E53DEFB868A}.Debug|Any CPU.Build.0 = Debug|Any CPU
		{1D152132-1A28-44EA-830F-5E53DEFB868A}.Release|Any CPU.ActiveCfg = Release|Any CPU
		{1D152132-1A28-44EA-830F-5E53DEFB868A}.Release|Any CPU.Build.0 = Release|Any CPU
	EndGlobalSection
	GlobalSection(SolutionProperties) = preSolution
		HideSolutionNode = FALSE
	EndGlobalSection
	GlobalSection(ExtensibilityGlobals) = postSolution
		SolutionGuid = {82543F6B-7DC8-4849-852D-8462A0A9B5E9}
	EndGlobalSection
EndGlobal
